[root]
name = "Super CHIP8"
version = "0.0.1"
dependencies = [
 "sdl 0.3.6 (git+https://github.com/brson/rust-sdl)",
 "time 0.1.6 (registry+https://github.com/rust-lang/crates.io-index)",
]

[[package]]
name = "gcc"
version = "0.1.2"
source = "registry+https://github.com/rust-lang/crates.io-index"

[[package]]
name = "sdl"
version = "0.3.6"
source = "git+https://github.com/brson/rust-sdl#b90a14d4e0af389270b06cb69bfd0c6141f623b0"

[[package]]
name = "time"
version = "0.1.6"
source = "registry+https://github.com/rust-lang/crates.io-index"
dependencies = [
 "gcc 0.1.2 (registry+https://github.com/rust-lang/crates.io-index)",
]

