[root]
name = "Super CHIP8"
version = "0.0.1"
dependencies = [
 "sdl 0.3.6 (git+https://github.com/RossMeikleham/rust-sdl)",
 "time 0.1.10 (registry+https://github.com/rust-lang/crates.io-index)",
]

[[package]]
name = "gcc"
version = "0.1.3"
source = "registry+https://github.com/rust-lang/crates.io-index"

[[package]]
name = "sdl"
version = "0.3.6"
source = "git+https://github.com/RossMeikleham/rust-sdl#033036d85df1e3420cbe915732ddf98433586f41"

[[package]]
name = "time"
version = "0.1.10"
source = "registry+https://github.com/rust-lang/crates.io-index"
dependencies = [
 "gcc 0.1.3 (registry+https://github.com/rust-lang/crates.io-index)",
]

